{
  "name": "oauthdoctor",
  "version": "0.1.0",
  "lockfileVersion": 3,
  "requires": true,
  "packages": {
    "": {
      "name": "oauthdoctor",
      "version": "0.1.0",
      "bin": {
        "oauthdoctor": "bin/oauthdoctor.mjs"
      },
      "engines": {
        "node": ">=18"
      }
    }
  }
}
